
Microsoft Visual Studio Solution File, Format Version 12.00
# Visual Studio Version 16
VisualStudioVersion = 16.0.29215.179
MinimumVisualStudioVersion = 10.0.40219.1
Project("{FAE04EC0-301F-11D3-BF4B-00C04F79EFBC}") = "exeMatrix01", "exeMatrix01\exeMatrix01.csproj", "{D93B5A1A-7B68-4321-BC13-93902ED8B7F6}"
EndProject
Global
	GlobalSection(SolutionConfigurationPlatforms) = preSolution
		Debug|Any CPU = Debug|Any CPU
		Release|Any CPU = Release|Any CPU
	EndGlobalSection
	GlobalSection(ProjectConfigurationPlatforms) = postSolution
		{D93B5A1A-7B68-4321-BC13-93902ED8B7F6}.Debug|Any CPU.ActiveCfg = Debug|Any CPU
		{D93B5A1A-7B68-4321-BC13-93902ED8B7F6}.Debug|Any CPU.Build.0 = Debug|Any CPU
		{D93B5A1A-7B68-4321-BC13-93902ED8B7F6}.Release|Any CPU.ActiveCfg = Release|Any CPU
		{D93B5A1A-7B68-4321-BC13-93902ED8B7F6}.Release|Any CPU.Build.0 = Release|Any CPU
	EndGlobalSection
	GlobalSection(SolutionProperties) = preSolution
		HideSolutionNode = FALSE
	EndGlobalSection
	GlobalSection(ExtensibilityGlobals) = postSolution
		SolutionGuid = {EE53947E-3B7D-4219-9A33-506BFDAB7A34}
	EndGlobalSection
EndGlobal
